
Microsoft Visual Studio Solution File, Format Version 12.00
# Visual Studio Version 17
VisualStudioVersion = 17.11.35312.102
MinimumVisualStudioVersion = 10.0.40219.1
Project("{9A19103F-16F7-4668-BE54-9A1E7A4F7556}") = "HtmxRazorComponents", "HtmxRazorComponents.csproj", "{67762399-7317-4906-943C-42B3265BC74E}"
EndProject
Global
	GlobalSection(SolutionConfigurationPlatforms) = preSolution
		Debug|Any CPU = Debug|Any CPU
		Release|Any CPU = Release|Any CPU
	EndGlobalSection
	GlobalSection(ProjectConfigurationPlatforms) = postSolution
		{67762399-7317-4906-943C-42B3265BC74E}.Debug|Any CPU.ActiveCfg = Debug|Any CPU
		{67762399-7317-4906-943C-42B3265BC74E}.Debug|Any CPU.Build.0 = Debug|Any CPU
		{67762399-7317-4906-943C-42B3265BC74E}.Release|Any CPU.ActiveCfg = Release|Any CPU
		{67762399-7317-4906-943C-42B3265BC74E}.Release|Any CPU.Build.0 = Release|Any CPU
	EndGlobalSection
	GlobalSection(SolutionProperties) = preSolution
		HideSolutionNode = FALSE
	EndGlobalSection
	GlobalSection(ExtensibilityGlobals) = postSolution
		SolutionGuid = {6F3D195B-6654-48BB-8D3D-AED71B91E19A}
	EndGlobalSection
EndGlobal
